
Microsoft Visual Studio Solution File, Format Version 12.00
# Visual Studio Version 16
VisualStudioVersion = 16.0.31205.134
MinimumVisualStudioVersion = 10.0.40219.1
Project("{FAE04EC0-301F-11D3-BF4B-00C04F79EFBC}") = "Pattern", "Pattern\Pattern.csproj", "{B8134DF3-28DB-45CE-B45F-9B1497F40FD1}"
EndProject
Global
	GlobalSection(SolutionConfigurationPlatforms) = preSolution
		Debug|Any CPU = Debug|Any CPU
		Release|Any CPU = Release|Any CPU
	EndGlobalSection
	GlobalSection(ProjectConfigurationPlatforms) = postSolution
		{B8134DF3-28DB-45CE-B45F-9B1497F40FD1}.Debug|Any CPU.ActiveCfg = Debug|Any CPU
		{B8134DF3-28DB-45CE-B45F-9B1497F40FD1}.Debug|Any CPU.Build.0 = Debug|Any CPU
		{B8134DF3-28DB-45CE-B45F-9B1497F40FD1}.Release|Any CPU.ActiveCfg = Release|Any CPU
		{B8134DF3-28DB-45CE-B45F-9B1497F40FD1}.Release|Any CPU.Build.0 = Release|Any CPU
	EndGlobalSection
	GlobalSection(SolutionProperties) = preSolution
		HideSolutionNode = FALSE
	EndGlobalSection
	GlobalSection(ExtensibilityGlobals) = postSolution
		SolutionGuid = {A24D55D6-6879-4621-A080-5E83D94EA5FB}
	EndGlobalSection
EndGlobal
